
Microsoft Visual Studio Solution File, Format Version 12.00
# Visual Studio Version 17
VisualStudioVersion = 17.10.34928.147
MinimumVisualStudioVersion = 10.0.40219.1
Project("{FAE04EC0-301F-11D3-BF4B-00C04F79EFBC}") = "GenericC#_(eps-1)", "GenericC#_(eps-1)\GenericC#_(eps-1).csproj", "{7701EAF2-0F91-43A6-BE07-57454ACBF08B}"
EndProject
Global
	GlobalSection(SolutionConfigurationPlatforms) = preSolution
		Debug|Any CPU = Debug|Any CPU
		Release|Any CPU = Release|Any CPU
	EndGlobalSection
	GlobalSection(ProjectConfigurationPlatforms) = postSolution
		{7701EAF2-0F91-43A6-BE07-57454ACBF08B}.Debug|Any CPU.ActiveCfg = Debug|Any CPU
		{7701EAF2-0F91-43A6-BE07-57454ACBF08B}.Debug|Any CPU.Build.0 = Debug|Any CPU
		{7701EAF2-0F91-43A6-BE07-57454ACBF08B}.Release|Any CPU.ActiveCfg = Release|Any CPU
		{7701EAF2-0F91-43A6-BE07-57454ACBF08B}.Release|Any CPU.Build.0 = Release|Any CPU
	EndGlobalSection
	GlobalSection(SolutionProperties) = preSolution
		HideSolutionNode = FALSE
	EndGlobalSection
	GlobalSection(ExtensibilityGlobals) = postSolution
		SolutionGuid = {3DA5E6AF-9B91-4D4C-8F73-C7F88AEB4688}
	EndGlobalSection
EndGlobal
